// !$*UTF8*$!
{
	archiveVersion = 1;
	classes = {
	};
	objectVersion = 46;
	objects = {

/* Begin PBXBuildFile section */
		C938588A1C1C25A80091CF99 /* AppDelegate.swift in Sources */ = {isa = PBXBuildFile; fileRef = C93858891C1C25A80091CF99 /* AppDelegate.swift */; };
		C938588C1C1C25A80091CF99 /* ThreadsViewController.swift in Sources */ = {isa = PBXBuildFile; fileRef = C938588B1C1C25A80091CF99 /* ThreadsViewController.swift */; };
		C938588F1C1C25A80091CF99 /* Main.storyboard in Resources */ = {isa = PBXBuildFile; fileRef = C938588D1C1C25A80091CF99 /* Main.storyboard */; };
		C93858911C1C25A80091CF99 /* Assets.xcassets in Resources */ = {isa = PBXBuildFile; fileRef = C93858901C1C25A80091CF99 /* Assets.xcassets */; };
		C93858941C1C25A80091CF99 /* LaunchScreen.storyboard in Resources */ = {isa = PBXBuildFile; fileRef = C93858921C1C25A80091CF99 /* LaunchScreen.storyboard */; };
		C93858A71C1C29B50091CF99 /* ThreadsInteractorIO.swift in Sources */ = {isa = PBXBuildFile; fileRef = C93858A61C1C29B50091CF99 /* ThreadsInteractorIO.swift */; settings = {ASSET_TAGS = (); }; };
		C93858A91C1C29D30091CF99 /* ThreadsInteractor.swift in Sources */ = {isa = PBXBuildFile; fileRef = C93858A81C1C29D30091CF99 /* ThreadsInteractor.swift */; settings = {ASSET_TAGS = (); }; };
		C93858AB1C1C29EE0091CF99 /* ThreadsDataManager.swift in Sources */ = {isa = PBXBuildFile; fileRef = C93858AA1C1C29EE0091CF99 /* ThreadsDataManager.swift */; settings = {ASSET_TAGS = (); }; };
		C93858AD1C1C2A190091CF99 /* ThreadsModuleInterface.swift in Sources */ = {isa = PBXBuildFile; fileRef = C93858AC1C1C2A190091CF99 /* ThreadsModuleInterface.swift */; settings = {ASSET_TAGS = (); }; };
		C93858AF1C1C2A3A0091CF99 /* ThreadsPresenter.swift in Sources */ = {isa = PBXBuildFile; fileRef = C93858AE1C1C2A3A0091CF99 /* ThreadsPresenter.swift */; settings = {ASSET_TAGS = (); }; };
		C93858B11C1C2A530091CF99 /* ThreadsViewInterface.swift in Sources */ = {isa = PBXBuildFile; fileRef = C93858B01C1C2A530091CF99 /* ThreadsViewInterface.swift */; settings = {ASSET_TAGS = (); }; };
		C93858B31C1C2A670091CF99 /* ThreadsWireframe.swift in Sources */ = {isa = PBXBuildFile; fileRef = C93858B21C1C2A670091CF99 /* ThreadsWireframe.swift */; settings = {ASSET_TAGS = (); }; };
		C9DFADD41C1DE14F00E599EC /* BaseDataStore.swift in Sources */ = {isa = PBXBuildFile; fileRef = C9DFADD31C1DE14F00E599EC /* BaseDataStore.swift */; settings = {ASSET_TAGS = (); }; };
		C9DFADD71C1DE19500E599EC /* ParseConnection.swift in Sources */ = {isa = PBXBuildFile; fileRef = C9DFADD61C1DE19500E599EC /* ParseConnection.swift */; settings = {ASSET_TAGS = (); }; };
		C9DFADD91C1DE1C100E599EC /* ParseDataStore.swift in Sources */ = {isa = PBXBuildFile; fileRef = C9DFADD81C1DE1C100E599EC /* ParseDataStore.swift */; settings = {ASSET_TAGS = (); }; };
		C9DFADDF1C1DE52700E599EC /* AppDependencies.swift in Sources */ = {isa = PBXBuildFile; fileRef = C9DFADDE1C1DE52700E599EC /* AppDependencies.swift */; settings = {ASSET_TAGS = (); }; };
		C9DFADE21C207F0700E599EC /* RootWireframe.swift in Sources */ = {isa = PBXBuildFile; fileRef = C9DFADE11C207F0700E599EC /* RootWireframe.swift */; settings = {ASSET_TAGS = (); }; };
		EB0DFE67F162297409EED75D /* libPods.a in Frameworks */ = {isa = PBXBuildFile; fileRef = 8B41D11ADA1DD86F8B95CE00 /* libPods.a */; };
/* End PBXBuildFile section */

/* Begin PBXFileReference section */
		8B41D11ADA1DD86F8B95CE00 /* libPods.a */ = {isa = PBXFileReference; explicitFileType = archive.ar; includeInIndex = 0; path = libPods.a; sourceTree = BUILT_PRODUCTS_DIR; };
		C93858861C1C25A80091CF99 /* vozbackup.app */ = {isa = PBXFileReference; explicitFileType = wrapper.application; includeInIndex = 0; path = vozbackup.app; sourceTree = BUILT_PRODUCTS_DIR; };
		C93858891C1C25A80091CF99 /* AppDelegate.swift */ = {isa = PBXFileReference; lastKnownFileType = sourcecode.swift; path = AppDelegate.swift; sourceTree = "<group>"; };
		C938588B1C1C25A80091CF99 /* ThreadsViewController.swift */ = {isa = PBXFileReference; lastKnownFileType = sourcecode.swift; path = ThreadsViewController.swift; sourceTree = "<group>"; };
		C938588E1C1C25A80091CF99 /* Base */ = {isa = PBXFileReference; lastKnownFileType = file.storyboard; name = Base; path = Base.lproj/Main.storyboard; sourceTree = "<group>"; };
		C93858901C1C25A80091CF99 /* Assets.xcassets */ = {isa = PBXFileReference; lastKnownFileType = folder.assetcatalog; path = Assets.xcassets; sourceTree = "<group>"; };
		C93858931C1C25A80091CF99 /* Base */ = {isa = PBXFileReference; lastKnownFileType = file.storyboard; name = Base; path = Base.lproj/LaunchScreen.storyboard; sourceTree = "<group>"; };
		C93858951C1C25A80091CF99 /* Info.plist */ = {isa = PBXFileReference; lastKnownFileType = text.plist.xml; path = Info.plist; sourceTree = "<group>"; };
		C93858A61C1C29B50091CF99 /* ThreadsInteractorIO.swift */ = {isa = PBXFileReference; fileEncoding = 4; lastKnownFileType = sourcecode.swift; path = ThreadsInteractorIO.swift; sourceTree = "<group>"; };
		C93858A81C1C29D30091CF99 /* ThreadsInteractor.swift */ = {isa = PBXFileReference; fileEncoding = 4; lastKnownFileType = sourcecode.swift; path = ThreadsInteractor.swift; sourceTree = "<group>"; };
		C93858AA1C1C29EE0091CF99 /* ThreadsDataManager.swift */ = {isa = PBXFileReference; fileEncoding = 4; lastKnownFileType = sourcecode.swift; path = ThreadsDataManager.swift; sourceTree = "<group>"; };
		C93858AC1C1C2A190091CF99 /* ThreadsModuleInterface.swift */ = {isa = PBXFileReference; fileEncoding = 4; lastKnownFileType = sourcecode.swift; path = ThreadsModuleInterface.swift; sourceTree = "<group>"; };
		C93858AE1C1C2A3A0091CF99 /* ThreadsPresenter.swift */ = {isa = PBXFileReference; fileEncoding = 4; lastKnownFileType = sourcecode.swift; path = ThreadsPresenter.swift; sourceTree = "<group>"; };
		C93858B01C1C2A530091CF99 /* ThreadsViewInterface.swift */ = {isa = PBXFileReference; fileEncoding = 4; lastKnownFileType = sourcecode.swift; path = ThreadsViewInterface.swift; sourceTree = "<group>"; };
		C93858B21C1C2A670091CF99 /* ThreadsWireframe.swift */ = {isa = PBXFileReference; fileEncoding = 4; lastKnownFileType = sourcecode.swift; path = ThreadsWireframe.swift; sourceTree = "<group>"; };
		C9DFADD31C1DE14F00E599EC /* BaseDataStore.swift */ = {isa = PBXFileReference; fileEncoding = 4; lastKnownFileType = sourcecode.swift; path = BaseDataStore.swift; sourceTree = "<group>"; };
		C9DFADD61C1DE19500E599EC /* ParseConnection.swift */ = {isa = PBXFileReference; fileEncoding = 4; lastKnownFileType = sourcecode.swift; path = ParseConnection.swift; sourceTree = "<group>"; };
		C9DFADD81C1DE1C100E599EC /* ParseDataStore.swift */ = {isa = PBXFileReference; fileEncoding = 4; lastKnownFileType = sourcecode.swift; path = ParseDataStore.swift; sourceTree = "<group>"; };
		C9DFADDB1C1DE22700E599EC /* vozbackup-Bridging-Header.h */ = {isa = PBXFileReference; lastKnownFileType = sourcecode.c.h; path = "vozbackup-Bridging-Header.h"; sourceTree = "<group>"; };
		C9DFADDE1C1DE52700E599EC /* AppDependencies.swift */ = {isa = PBXFileReference; fileEncoding = 4; lastKnownFileType = sourcecode.swift; path = AppDependencies.swift; sourceTree = "<group>"; };
		C9DFADE11C207F0700E599EC /* RootWireframe.swift */ = {isa = PBXFileReference; fileEncoding = 4; lastKnownFileType = sourcecode.swift; path = RootWireframe.swift; sourceTree = "<group>"; };
		D56BB57E71990A836669783A /* Pods.debug.xcconfig */ = {isa = PBXFileReference; includeInIndex = 1; lastKnownFileType = text.xcconfig; name = Pods.debug.xcconfig; path = "Pods/Target Support Files/Pods/Pods.debug.xcconfig"; sourceTree = "<group>"; };
		F0B5F1ED3FF4CDAC3DA720FB /* Pods.release.xcconfig */ = {isa = PBXFileReference; includeInIndex = 1; lastKnownFileType = text.xcconfig; name = Pods.release.xcconfig; path = "Pods/Target Support Files/Pods/Pods.release.xcconfig"; sourceTree = "<group>"; };
/* End PBXFileReference section */

/* Begin PBXFrameworksBuildPhase section */
		C93858831C1C25A80091CF99 /* Frameworks */ = {
			isa = PBXFrameworksBuildPhase;
			buildActionMask = 2147483647;
			files = (
				EB0DFE67F162297409EED75D /* libPods.a in Frameworks */,
			);
			runOnlyForDeploymentPostprocessing = 0;
		};
/* End PBXFrameworksBuildPhase section */

/* Begin PBXGroup section */
		9EE3F181B0BB7E770E67EA09 /* Frameworks */ = {
			isa = PBXGroup;
			children = (
				8B41D11ADA1DD86F8B95CE00 /* libPods.a */,
			);
			name = Frameworks;
			sourceTree = "<group>";
		};
		C938587D1C1C25A80091CF99 = {
			isa = PBXGroup;
			children = (
				C93858881C1C25A80091CF99 /* vozbackup */,
				C93858871C1C25A80091CF99 /* Products */,
				F3F0D43D48F2AD541ADAD372 /* Pods */,
				9EE3F181B0BB7E770E67EA09 /* Frameworks */,
			);
			sourceTree = "<group>";
		};
		C93858871C1C25A80091CF99 /* Products */ = {
			isa = PBXGroup;
			children = (
				C93858861C1C25A80091CF99 /* vozbackup.app */,
			);
			name = Products;
			sourceTree = "<group>";
		};
		C93858881C1C25A80091CF99 /* vozbackup */ = {
			isa = PBXGroup;
			children = (
				C93858B51C1C9BCE0091CF99 /* Common */,
				C93858B41C1C2A7F0091CF99 /* Resource */,
				C938589B1C1C26570091CF99 /* Module */,
				C93858891C1C25A80091CF99 /* AppDelegate.swift */,
				C9DFADDE1C1DE52700E599EC /* AppDependencies.swift */,
				C93858951C1C25A80091CF99 /* Info.plist */,
			);
			path = vozbackup;
			sourceTree = "<group>";
		};
		C938589B1C1C26570091CF99 /* Module */ = {
			isa = PBXGroup;
			children = (
				C938589D1C1C26940091CF99 /* Comments */,
				C938589C1C1C268E0091CF99 /* Threads */,
			);
			name = Module;
			sourceTree = "<group>";
		};
		C938589C1C1C268E0091CF99 /* Threads */ = {
			isa = PBXGroup;
			children = (
				C938589F1C1C26B80091CF99 /* Module Interface */,
				C93858A01C1C26C30091CF99 /* User Interface */,
				C938589E1C1C26A10091CF99 /* Application Logic */,
			);
			name = Threads;
			sourceTree = "<group>";
		};
		C938589D1C1C26940091CF99 /* Comments */ = {
			isa = PBXGroup;
			children = (
			);
			name = Comments;
			sourceTree = "<group>";
		};
		C938589E1C1C26A10091CF99 /* Application Logic */ = {
			isa = PBXGroup;
			children = (
				C93858A21C1C27190091CF99 /* Manager */,
				C93858A11C1C27100091CF99 /* Interactor */,
			);
			name = "Application Logic";
			sourceTree = "<group>";
		};
		C938589F1C1C26B80091CF99 /* Module Interface */ = {
			isa = PBXGroup;
			children = (
				C93858AC1C1C2A190091CF99 /* ThreadsModuleInterface.swift */,
			);
			name = "Module Interface";
			sourceTree = "<group>";
		};
		C93858A01C1C26C30091CF99 /* User Interface */ = {
			isa = PBXGroup;
			children = (
				C93858A51C1C273E0091CF99 /* Wireframe */,
				C93858A41C1C27340091CF99 /* View */,
				C93858A31C1C27270091CF99 /* Presenter */,
			);
			name = "User Interface";
			sourceTree = "<group>";
		};
		C93858A11C1C27100091CF99 /* Interactor */ = {
			isa = PBXGroup;
			children = (
				C93858A61C1C29B50091CF99 /* ThreadsInteractorIO.swift */,
				C93858A81C1C29D30091CF99 /* ThreadsInteractor.swift */,
			);
			name = Interactor;
			sourceTree = "<group>";
		};
		C93858A21C1C27190091CF99 /* Manager */ = {
			isa = PBXGroup;
			children = (
				C93858AA1C1C29EE0091CF99 /* ThreadsDataManager.swift */,
			);
			name = Manager;
			sourceTree = "<group>";
		};
		C93858A31C1C27270091CF99 /* Presenter */ = {
			isa = PBXGroup;
			children = (
				C93858AE1C1C2A3A0091CF99 /* ThreadsPresenter.swift */,
			);
			name = Presenter;
			sourceTree = "<group>";
		};
		C93858A41C1C27340091CF99 /* View */ = {
			isa = PBXGroup;
			children = (
				C938588B1C1C25A80091CF99 /* ThreadsViewController.swift */,
				C93858B01C1C2A530091CF99 /* ThreadsViewInterface.swift */,
			);
			name = View;
			sourceTree = "<group>";
		};
		C93858A51C1C273E0091CF99 /* Wireframe */ = {
			isa = PBXGroup;
			children = (
				C93858B21C1C2A670091CF99 /* ThreadsWireframe.swift */,
			);
			name = Wireframe;
			sourceTree = "<group>";
		};
		C93858B41C1C2A7F0091CF99 /* Resource */ = {
			isa = PBXGroup;
			children = (
				C93858921C1C25A80091CF99 /* LaunchScreen.storyboard */,
				C938588D1C1C25A80091CF99 /* Main.storyboard */,
				C93858901C1C25A80091CF99 /* Assets.xcassets */,
			);
			name = Resource;
			sourceTree = "<group>";
		};
		C93858B51C1C9BCE0091CF99 /* Common */ = {
			isa = PBXGroup;
			children = (
				C9DFADE01C207EF800E599EC /* View */,
				C9DFADDA1C1DE20F00E599EC /* Utility */,
				C9DFADD21C1DE0A200E599EC /* Store */,
			);
			name = Common;
			sourceTree = "<group>";
		};
		C9DFADD21C1DE0A200E599EC /* Store */ = {
			isa = PBXGroup;
			children = (
				C9DFADD51C1DE16600E599EC /* Parse */,
				C9DFADD31C1DE14F00E599EC /* BaseDataStore.swift */,
			);
			name = Store;
			sourceTree = "<group>";
		};
		C9DFADD51C1DE16600E599EC /* Parse */ = {
			isa = PBXGroup;
			children = (
				C9DFADD61C1DE19500E599EC /* ParseConnection.swift */,
				C9DFADD81C1DE1C100E599EC /* ParseDataStore.swift */,
			);
			name = Parse;
			sourceTree = "<group>";
		};
		C9DFADDA1C1DE20F00E599EC /* Utility */ = {
			isa = PBXGroup;
			children = (
				C9DFADDB1C1DE22700E599EC /* vozbackup-Bridging-Header.h */,
			);
			name = Utility;
			sourceTree = "<group>";
		};
		C9DFADE01C207EF800E599EC /* View */ = {
			isa = PBXGroup;
			children = (
				C9DFADE11C207F0700E599EC /* RootWireframe.swift */,
			);
			name = View;
			sourceTree = "<group>";
		};
		F3F0D43D48F2AD541ADAD372 /* Pods */ = {
			isa = PBXGroup;
			children = (
				D56BB57E71990A836669783A /* Pods.debug.xcconfig */,
				F0B5F1ED3FF4CDAC3DA720FB /* Pods.release.xcconfig */,
			);
			name = Pods;
			sourceTree = "<group>";
		};
/* End PBXGroup section */

/* Begin PBXNativeTarget section */
		C93858851C1C25A80091CF99 /* vozbackup */ = {
			isa = PBXNativeTarget;
			buildConfigurationList = C93858981C1C25A80091CF99 /* Build configuration list for PBXNativeTarget "vozbackup" */;
			buildPhases = (
				B7D0E1D6AC170523EB351D58 /* Check Pods Manifest.lock */,
				C93858821C1C25A80091CF99 /* Sources */,
				C93858831C1C25A80091CF99 /* Frameworks */,
				C93858841C1C25A80091CF99 /* Resources */,
				362BB2E4219804E84A70ED65 /* Copy Pods Resources */,
			);
			buildRules = (
			);
			dependencies = (
			);
			name = vozbackup;
			productName = vozbackup;
			productReference = C93858861C1C25A80091CF99 /* vozbackup.app */;
			productType = "com.apple.product-type.application";
		};
/* End PBXNativeTarget section */

/* Begin PBXProject section */
		C938587E1C1C25A80091CF99 /* Project object */ = {
			isa = PBXProject;
			attributes = {
				LastSwiftUpdateCheck = 0700;
				LastUpgradeCheck = 0700;
				ORGANIZATIONNAME = "Vien Van Nguyen";
				TargetAttributes = {
					C93858851C1C25A80091CF99 = {
						CreatedOnToolsVersion = 7.0.1;
						DevelopmentTeam = G3TWPQRVYX;
					};
				};
			};
			buildConfigurationList = C93858811C1C25A80091CF99 /* Build configuration list for PBXProject "vozbackup" */;
			compatibilityVersion = "Xcode 3.2";
			developmentRegion = English;
			hasScannedForEncodings = 0;
			knownRegions = (
				en,
				Base,
			);
			mainGroup = C938587D1C1C25A80091CF99;
			productRefGroup = C93858871C1C25A80091CF99 /* Products */;
			projectDirPath = "";
			projectRoot = "";
			targets = (
				C93858851C1C25A80091CF99 /* vozbackup */,
			);
		};
/* End PBXProject section */

/* Begin PBXResourcesBuildPhase section */
		C93858841C1C25A80091CF99 /* Resources */ = {
			isa = PBXResourcesBuildPhase;
			buildActionMask = 2147483647;
			files = (
				C93858941C1C25A80091CF99 /* LaunchScreen.storyboard in Resources */,
				C93858911C1C25A80091CF99 /* Assets.xcassets in Resources */,
				C938588F1C1C25A80091CF99 /* Main.storyboard in Resources */,
			);
			runOnlyForDeploymentPostprocessing = 0;
		};
/* End PBXResourcesBuildPhase section */

/* Begin PBXShellScriptBuildPhase section */
		362BB2E4219804E84A70ED65 /* Copy Pods Resources */ = {
			isa = PBXShellScriptBuildPhase;
			buildActionMask = 2147483647;
			files = (
			);
			inputPaths = (
			);
			name = "Copy Pods Resources";
			outputPaths = (
			);
			runOnlyForDeploymentPostprocessing = 0;
			shellPath = /bin/sh;
			shellScript = "\"${SRCROOT}/Pods/Target Support Files/Pods/Pods-resources.sh\"\n";
			showEnvVarsInLog = 0;
		};
		B7D0E1D6AC170523EB351D58 /* Check Pods Manifest.lock */ = {
			isa = PBXShellScriptBuildPhase;
			buildActionMask = 2147483647;
			files = (
			);
			inputPaths = (
			);
			name = "Check Pods Manifest.lock";
			outputPaths = (
			);
			runOnlyForDeploymentPostprocessing = 0;
			shellPath = /bin/sh;
			shellScript = "diff \"${PODS_ROOT}/../Podfile.lock\" \"${PODS_ROOT}/Manifest.lock\" > /dev/null\nif [[ $? != 0 ]] ; then\n    cat << EOM\nerror: The sandbox is not in sync with the Podfile.lock. Run 'pod install' or update your CocoaPods installation.\nEOM\n    exit 1\nfi\n";
			showEnvVarsInLog = 0;
		};
/* End PBXShellScriptBuildPhase section */

/* Begin PBXSourcesBuildPhase section */
		C93858821C1C25A80091CF99 /* Sources */ = {
			isa = PBXSourcesBuildPhase;
			buildActionMask = 2147483647;
			files = (
				C93858AB1C1C29EE0091CF99 /* ThreadsDataManager.swift in Sources */,
				C93858A91C1C29D30091CF99 /* ThreadsInteractor.swift in Sources */,
				C9DFADE21C207F0700E599EC /* RootWireframe.swift in Sources */,
				C93858A71C1C29B50091CF99 /* ThreadsInteractorIO.swift in Sources */,
				C93858AD1C1C2A190091CF99 /* ThreadsModuleInterface.swift in Sources */,
				C9DFADD71C1DE19500E599EC /* ParseConnection.swift in Sources */,
				C9DFADD91C1DE1C100E599EC /* ParseDataStore.swift in Sources */,
				C93858B31C1C2A670091CF99 /* ThreadsWireframe.swift in Sources */,
				C93858B11C1C2A530091CF99 /* ThreadsViewInterface.swift in Sources */,
				C93858AF1C1C2A3A0091CF99 /* ThreadsPresenter.swift in Sources */,
				C938588C1C1C25A80091CF99 /* ThreadsViewController.swift in Sources */,
				C9DFADDF1C1DE52700E599EC /* AppDependencies.swift in Sources */,
				C9DFADD41C1DE14F00E599EC /* BaseDataStore.swift in Sources */,
				C938588A1C1C25A80091CF99 /* AppDelegate.swift in Sources */,
			);
			runOnlyForDeploymentPostprocessing = 0;
		};
/* End PBXSourcesBuildPhase section */

/* Begin PBXVariantGroup section */
		C938588D1C1C25A80091CF99 /* Main.storyboard */ = {
			isa = PBXVariantGroup;
			children = (
				C938588E1C1C25A80091CF99 /* Base */,
			);
			name = Main.storyboard;
			sourceTree = "<group>";
		};
		C93858921C1C25A80091CF99 /* LaunchScreen.storyboard */ = {
			isa = PBXVariantGroup;
			children = (
				C93858931C1C25A80091CF99 /* Base */,
			);
			name = LaunchScreen.storyboard;
			sourceTree = "<group>";
		};
/* End PBXVariantGroup section */

/* Begin XCBuildConfiguration section */
		C93858961C1C25A80091CF99 /* Debug */ = {
			isa = XCBuildConfiguration;
			buildSettings = {
				ALWAYS_SEARCH_USER_PATHS = NO;
				CLANG_CXX_LANGUAGE_STANDARD = "gnu++0x";
				CLANG_CXX_LIBRARY = "libc++";
				CLANG_ENABLE_MODULES = YES;
				CLANG_ENABLE_OBJC_ARC = YES;
				CLANG_WARN_BOOL_CONVERSION = YES;
				CLANG_WARN_CONSTANT_CONVERSION = YES;
				CLANG_WARN_DIRECT_OBJC_ISA_USAGE = YES_ERROR;
				CLANG_WARN_EMPTY_BODY = YES;
				CLANG_WARN_ENUM_CONVERSION = YES;
				CLANG_WARN_INT_CONVERSION = YES;
				CLANG_WARN_OBJC_ROOT_CLASS = YES_ERROR;
				CLANG_WARN_UNREACHABLE_CODE = YES;
				CLANG_WARN__DUPLICATE_METHOD_MATCH = YES;
				"CODE_SIGN_IDENTITY[sdk=iphoneos*]" = "iPhone Developer";
				COPY_PHASE_STRIP = NO;
				DEBUG_INFORMATION_FORMAT = dwarf;
				ENABLE_STRICT_OBJC_MSGSEND = YES;
				ENABLE_TESTABILITY = YES;
				GCC_C_LANGUAGE_STANDARD = gnu99;
				GCC_DYNAMIC_NO_PIC = NO;
				GCC_NO_COMMON_BLOCKS = YES;
				GCC_OPTIMIZATION_LEVEL = 0;
				GCC_PREPROCESSOR_DEFINITIONS = (
					"DEBUG=1",
					"$(inherited)",
				);
				GCC_WARN_64_TO_32_BIT_CONVERSION = YES;
				GCC_WARN_ABOUT_RETURN_TYPE = YES_ERROR;
				GCC_WARN_UNDECLARED_SELECTOR = YES;
				GCC_WARN_UNINITIALIZED_AUTOS = YES_AGGRESSIVE;
				GCC_WARN_UNUSED_FUNCTION = YES;
				GCC_WARN_UNUSED_VARIABLE = YES;
				IPHONEOS_DEPLOYMENT_TARGET = 9.0;
				MTL_ENABLE_DEBUG_INFO = YES;
				ONLY_ACTIVE_ARCH = YES;
				SDKROOT = iphoneos;
				SWIFT_OPTIMIZATION_LEVEL = "-Onone";
				TARGETED_DEVICE_FAMILY = "1,2";
			};
			name = Debug;
		};
		C93858971C1C25A80091CF99 /* Release */ = {
			isa = XCBuildConfiguration;
			buildSettings = {
				ALWAYS_SEARCH_USER_PATHS = NO;
				CLANG_CXX_LANGUAGE_STANDARD = "gnu++0x";
				CLANG_CXX_LIBRARY = "libc++";
				CLANG_ENABLE_MODULES = YES;
				CLANG_ENABLE_OBJC_ARC = YES;
				CLANG_WARN_BOOL_CONVERSION = YES;
				CLANG_WARN_CONSTANT_CONVERSION = YES;
				CLANG_WARN_DIRECT_OBJC_ISA_USAGE = YES_ERROR;
				CLANG_WARN_EMPTY_BODY = YES;
				CLANG_WARN_ENUM_CONVERSION = YES;
				CLANG_WARN_INT_CONVERSION = YES;
				CLANG_WARN_OBJC_ROOT_CLASS = YES_ERROR;
				CLANG_WARN_UNREACHABLE_CODE = YES;
				CLANG_WARN__DUPLICATE_METHOD_MATCH = YES;
				"CODE_SIGN_IDENTITY[sdk=iphoneos*]" = "iPhone Developer";
				COPY_PHASE_STRIP = NO;
				DEBUG_INFORMATION_FORMAT = "dwarf-with-dsym";
				ENABLE_NS_ASSERTIONS = NO;
				ENABLE_STRICT_OBJC_MSGSEND = YES;
				GCC_C_LANGUAGE_STANDARD = gnu99;
				GCC_NO_COMMON_BLOCKS = YES;
				GCC_WARN_64_TO_32_BIT_CONVERSION = YES;
				GCC_WARN_ABOUT_RETURN_TYPE = YES_ERROR;
				GCC_WARN_UNDECLARED_SELECTOR = YES;
				GCC_WARN_UNINITIALIZED_AUTOS = YES_AGGRESSIVE;
				GCC_WARN_UNUSED_FUNCTION = YES;
				GCC_WARN_UNUSED_VARIABLE = YES;
				IPHONEOS_DEPLOYMENT_TARGET = 9.0;
				MTL_ENABLE_DEBUG_INFO = NO;
				SDKROOT = iphoneos;
				TARGETED_DEVICE_FAMILY = "1,2";
				VALIDATE_PRODUCT = YES;
			};
			name = Release;
		};
		C93858991C1C25A80091CF99 /* Debug */ = {
			isa = XCBuildConfiguration;
			baseConfigurationReference = D56BB57E71990A836669783A /* Pods.debug.xcconfig */;
			buildSettings = {
				ASSETCATALOG_COMPILER_APPICON_NAME = AppIcon;
				CLANG_ENABLE_MODULES = YES;
				INFOPLIST_FILE = vozbackup/Info.plist;
				IPHONEOS_DEPLOYMENT_TARGET = 8.0;
				LD_RUNPATH_SEARCH_PATHS = "$(inherited) @executable_path/Frameworks";
				PRODUCT_BUNDLE_IDENTIFIER = com.goldmoment.vozbackup;
				PRODUCT_NAME = "$(TARGET_NAME)";
				SWIFT_OBJC_BRIDGING_HEADER = "vozbackup/vozbackup-Bridging-Header.h";
				SWIFT_OPTIMIZATION_LEVEL = "-Onone";
			};
			name = Debug;
		};
		C938589A1C1C25A80091CF99 /* Release */ = {
			isa = XCBuildConfiguration;
			baseConfigurationReference = F0B5F1ED3FF4CDAC3DA720FB /* Pods.release.xcconfig */;
			buildSettings = {
				ASSETCATALOG_COMPILER_APPICON_NAME = AppIcon;
				CLANG_ENABLE_MODULES = YES;
				INFOPLIST_FILE = vozbackup/Info.plist;
				IPHONEOS_DEPLOYMENT_TARGET = 8.0;
				LD_RUNPATH_SEARCH_PATHS = "$(inherited) @executable_path/Frameworks";
				PRODUCT_BUNDLE_IDENTIFIER = com.goldmoment.vozbackup;
				PRODUCT_NAME = "$(TARGET_NAME)";
				SWIFT_OBJC_BRIDGING_HEADER = "vozbackup/vozbackup-Bridging-Header.h";
			};
			name = Release;
		};
/* End XCBuildConfiguration section */

/* Begin XCConfigurationList section */
		C93858811C1C25A80091CF99 /* Build configuration list for PBXProject "vozbackup" */ = {
			isa = XCConfigurationList;
			buildConfigurations = (
				C93858961C1C25A80091CF99 /* Debug */,
				C93858971C1C25A80091CF99 /* Release */,
			);
			defaultConfigurationIsVisible = 0;
			defaultConfigurationName = Release;
		};
		C93858981C1C25A80091CF99 /* Build configuration list for PBXNativeTarget "vozbackup" */ = {
			isa = XCConfigurationList;
			buildConfigurations = (
				C93858991C1C25A80091CF99 /* Debug */,
				C938589A1C1C25A80091CF99 /* Release */,
			);
			defaultConfigurationIsVisible = 0;
			defaultConfigurationName = Release;
		};
/* End XCConfigurationList section */
	};
	rootObject = C938587E1C1C25A80091CF99 /* Project object */;
}
